// !$*UTF8*$!
{
	archiveVersion = 1;
	classes = {
	};
	objectVersion = 50;
	objects = {

/* Begin PBXBuildFile section */
		EC2354B426ADF21000F07E57 /* EmojiArtApp.swift in Sources */ = {isa = PBXBuildFile; fileRef = EC2354B326ADF21000F07E57 /* EmojiArtApp.swift */; };
		EC2354B626ADF21000F07E57 /* EmojiArtDocumentView.swift in Sources */ = {isa = PBXBuildFile; fileRef = EC2354B526ADF21000F07E57 /* EmojiArtDocumentView.swift */; };
		EC2354B826ADF21300F07E57 /* Assets.xcassets in Resources */ = {isa = PBXBuildFile; fileRef = EC2354B726ADF21300F07E57 /* Assets.xcassets */; };
		EC2354BB26ADF21300F07E57 /* Preview Assets.xcassets in Resources */ = {isa = PBXBuildFile; fileRef = EC2354BA26ADF21300F07E57 /* Preview Assets.xcassets */; };
		EC2354C626ADF21300F07E57 /* EmojiArtTests.swift in Sources */ = {isa = PBXBuildFile; fileRef = EC2354C526ADF21300F07E57 /* EmojiArtTests.swift */; };
		EC2354D126ADF21300F07E57 /* EmojiArtUITests.swift in Sources */ = {isa = PBXBuildFile; fileRef = EC2354D026ADF21300F07E57 /* EmojiArtUITests.swift */; };
		EC2354DF26ADFF3000F07E57 /* EmojiArtModel.swift in Sources */ = {isa = PBXBuildFile; fileRef = EC2354DE26ADFF3000F07E57 /* EmojiArtModel.swift */; };
		EC2354E126AE017900F07E57 /* EmojiArtModel.Background.swift in Sources */ = {isa = PBXBuildFile; fileRef = EC2354E026AE017900F07E57 /* EmojiArtModel.Background.swift */; };
		EC2354E326AE033F00F07E57 /* EmojiArtDocument.swift in Sources */ = {isa = PBXBuildFile; fileRef = EC2354E226AE033F00F07E57 /* EmojiArtDocument.swift */; };
		EC2354E526AE089700F07E57 /* UtilityExtenstions.swift in Sources */ = {isa = PBXBuildFile; fileRef = EC2354E426AE089700F07E57 /* UtilityExtenstions.swift */; };
		EC2354E726AF257100F07E57 /* UtilityViews.swift in Sources */ = {isa = PBXBuildFile; fileRef = EC2354E626AF257100F07E57 /* UtilityViews.swift */; };
/* End PBXBuildFile section */

/* Begin PBXContainerItemProxy section */
		EC2354C226ADF21300F07E57 /* PBXContainerItemProxy */ = {
			isa = PBXContainerItemProxy;
			containerPortal = EC2354A826ADF21000F07E57 /* Project object */;
			proxyType = 1;
			remoteGlobalIDString = EC2354AF26ADF21000F07E57;
			remoteInfo = EmojiArt;
		};
		EC2354CD26ADF21300F07E57 /* PBXContainerItemProxy */ = {
			isa = PBXContainerItemProxy;
			containerPortal = EC2354A826ADF21000F07E57 /* Project object */;
			proxyType = 1;
			remoteGlobalIDString = EC2354AF26ADF21000F07E57;
			remoteInfo = EmojiArt;
		};
/* End PBXContainerItemProxy section */

/* Begin PBXFileReference section */
		EC2354B026ADF21000F07E57 /* EmojiArt.app */ = {isa = PBXFileReference; explicitFileType = wrapper.application; includeInIndex = 0; path = EmojiArt.app; sourceTree = BUILT_PRODUCTS_DIR; };
		EC2354B326ADF21000F07E57 /* EmojiArtApp.swift */ = {isa = PBXFileReference; lastKnownFileType = sourcecode.swift; path = EmojiArtApp.swift; sourceTree = "<group>"; };
		EC2354B526ADF21000F07E57 /* EmojiArtDocumentView.swift */ = {isa = PBXFileReference; lastKnownFileType = sourcecode.swift; path = EmojiArtDocumentView.swift; sourceTree = "<group>"; };
		EC2354B726ADF21300F07E57 /* Assets.xcassets */ = {isa = PBXFileReference; lastKnownFileType = folder.assetcatalog; path = Assets.xcassets; sourceTree = "<group>"; };
		EC2354BA26ADF21300F07E57 /* Preview Assets.xcassets */ = {isa = PBXFileReference; lastKnownFileType = folder.assetcatalog; path = "Preview Assets.xcassets"; sourceTree = "<group>"; };
		EC2354BC26ADF21300F07E57 /* Info.plist */ = {isa = PBXFileReference; lastKnownFileType = text.plist.xml; path = Info.plist; sourceTree = "<group>"; };
		EC2354C126ADF21300F07E57 /* EmojiArtTests.xctest */ = {isa = PBXFileReference; explicitFileType = wrapper.cfbundle; includeInIndex = 0; path = EmojiArtTests.xctest; sourceTree = BUILT_PRODUCTS_DIR; };
		EC2354C526ADF21300F07E57 /* EmojiArtTests.swift */ = {isa = PBXFileReference; lastKnownFileType = sourcecode.swift; path = EmojiArtTests.swift; sourceTree = "<group>"; };
		EC2354C726ADF21300F07E57 /* Info.plist */ = {isa = PBXFileReference; lastKnownFileType = text.plist.xml; path = Info.plist; sourceTree = "<group>"; };
		EC2354CC26ADF21300F07E57 /* EmojiArtUITests.xctest */ = {isa = PBXFileReference; explicitFileType = wrapper.cfbundle; includeInIndex = 0; path = EmojiArtUITests.xctest; sourceTree = BUILT_PRODUCTS_DIR; };
		EC2354D026ADF21300F07E57 /* EmojiArtUITests.swift */ = {isa = PBXFileReference; lastKnownFileType = sourcecode.swift; path = EmojiArtUITests.swift; sourceTree = "<group>"; };
		EC2354D226ADF21300F07E57 /* Info.plist */ = {isa = PBXFileReference; lastKnownFileType = text.plist.xml; path = Info.plist; sourceTree = "<group>"; };
		EC2354DE26ADFF3000F07E57 /* EmojiArtModel.swift */ = {isa = PBXFileReference; lastKnownFileType = sourcecode.swift; path = EmojiArtModel.swift; sourceTree = "<group>"; };
		EC2354E026AE017900F07E57 /* EmojiArtModel.Background.swift */ = {isa = PBXFileReference; lastKnownFileType = sourcecode.swift; path = EmojiArtModel.Background.swift; sourceTree = "<group>"; };
		EC2354E226AE033F00F07E57 /* EmojiArtDocument.swift */ = {isa = PBXFileReference; lastKnownFileType = sourcecode.swift; path = EmojiArtDocument.swift; sourceTree = "<group>"; };
		EC2354E426AE089700F07E57 /* UtilityExtenstions.swift */ = {isa = PBXFileReference; lastKnownFileType = sourcecode.swift; path = UtilityExtenstions.swift; sourceTree = "<group>"; };
		EC2354E626AF257100F07E57 /* UtilityViews.swift */ = {isa = PBXFileReference; lastKnownFileType = sourcecode.swift; path = UtilityViews.swift; sourceTree = "<group>"; };
/* End PBXFileReference section */

/* Begin PBXFrameworksBuildPhase section */
		EC2354AD26ADF21000F07E57 /* Frameworks */ = {
			isa = PBXFrameworksBuildPhase;
			buildActionMask = 2147483647;
			files = (
			);
			runOnlyForDeploymentPostprocessing = 0;
		};
		EC2354BE26ADF21300F07E57 /* Frameworks */ = {
			isa = PBXFrameworksBuildPhase;
			buildActionMask = 2147483647;
			files = (
			);
			runOnlyForDeploymentPostprocessing = 0;
		};
		EC2354C926ADF21300F07E57 /* Frameworks */ = {
			isa = PBXFrameworksBuildPhase;
			buildActionMask = 2147483647;
			files = (
			);
			runOnlyForDeploymentPostprocessing = 0;
		};
/* End PBXFrameworksBuildPhase section */

/* Begin PBXGroup section */
		EC2354A726ADF21000F07E57 = {
			isa = PBXGroup;
			children = (
				EC2354B226ADF21000F07E57 /* EmojiArt */,
				EC2354C426ADF21300F07E57 /* EmojiArtTests */,
				EC2354CF26ADF21300F07E57 /* EmojiArtUITests */,
				EC2354B126ADF21000F07E57 /* Products */,
			);
			sourceTree = "<group>";
		};
		EC2354B126ADF21000F07E57 /* Products */ = {
			isa = PBXGroup;
			children = (
				EC2354B026ADF21000F07E57 /* EmojiArt.app */,
				EC2354C126ADF21300F07E57 /* EmojiArtTests.xctest */,
				EC2354CC26ADF21300F07E57 /* EmojiArtUITests.xctest */,
			);
			name = Products;
			sourceTree = "<group>";
		};
		EC2354B226ADF21000F07E57 /* EmojiArt */ = {
			isa = PBXGroup;
			children = (
				EC2354B326ADF21000F07E57 /* EmojiArtApp.swift */,
				EC2354E426AE089700F07E57 /* UtilityExtenstions.swift */,
				EC2354E226AE033F00F07E57 /* EmojiArtDocument.swift */,
				EC2354B526ADF21000F07E57 /* EmojiArtDocumentView.swift */,
				EC2354B726ADF21300F07E57 /* Assets.xcassets */,
				EC2354BC26ADF21300F07E57 /* Info.plist */,
				EC2354B926ADF21300F07E57 /* Preview Content */,
				EC2354DE26ADFF3000F07E57 /* EmojiArtModel.swift */,
				EC2354E026AE017900F07E57 /* EmojiArtModel.Background.swift */,
				EC2354E626AF257100F07E57 /* UtilityViews.swift */,
			);
			path = EmojiArt;
			sourceTree = "<group>";
		};
		EC2354B926ADF21300F07E57 /* Preview Content */ = {
			isa = PBXGroup;
			children = (
				EC2354BA26ADF21300F07E57 /* Preview Assets.xcassets */,
			);
			path = "Preview Content";
			sourceTree = "<group>";
		};
		EC2354C426ADF21300F07E57 /* EmojiArtTests */ = {
			isa = PBXGroup;
			children = (
				EC2354C526ADF21300F07E57 /* EmojiArtTests.swift */,
				EC2354C726ADF21300F07E57 /* Info.plist */,
			);
			path = EmojiArtTests;
			sourceTree = "<group>";
		};
		EC2354CF26ADF21300F07E57 /* EmojiArtUITests */ = {
			isa = PBXGroup;
			children = (
				EC2354D026ADF21300F07E57 /* EmojiArtUITests.swift */,
				EC2354D226ADF21300F07E57 /* Info.plist */,
			);
			path = EmojiArtUITests;
			sourceTree = "<group>";
		};
/* End PBXGroup section */

/* Begin PBXNativeTarget section */
		EC2354AF26ADF21000F07E57 /* EmojiArt */ = {
			isa = PBXNativeTarget;
			buildConfigurationList = EC2354D526ADF21300F07E57 /* Build configuration list for PBXNativeTarget "EmojiArt" */;
			buildPhases = (
				EC2354AC26ADF21000F07E57 /* Sources */,
				EC2354AD26ADF21000F07E57 /* Frameworks */,
				EC2354AE26ADF21000F07E57 /* Resources */,
			);
			buildRules = (
			);
			dependencies = (
			);
			name = EmojiArt;
			productName = EmojiArt;
			productReference = EC2354B026ADF21000F07E57 /* EmojiArt.app */;
			productType = "com.apple.product-type.application";
		};
		EC2354C026ADF21300F07E57 /* EmojiArtTests */ = {
			isa = PBXNativeTarget;
			buildConfigurationList = EC2354D826ADF21300F07E57 /* Build configuration list for PBXNativeTarget "EmojiArtTests" */;
			buildPhases = (
				EC2354BD26ADF21300F07E57 /* Sources */,
				EC2354BE26ADF21300F07E57 /* Frameworks */,
				EC2354BF26ADF21300F07E57 /* Resources */,
			);
			buildRules = (
			);
			dependencies = (
				EC2354C326ADF21300F07E57 /* PBXTargetDependency */,
			);
			name = EmojiArtTests;
			productName = EmojiArtTests;
			productReference = EC2354C126ADF21300F07E57 /* EmojiArtTests.xctest */;
			productType = "com.apple.product-type.bundle.unit-test";
		};
		EC2354CB26ADF21300F07E57 /* EmojiArtUITests */ = {
			isa = PBXNativeTarget;
			buildConfigurationList = EC2354DB26ADF21300F07E57 /* Build configuration list for PBXNativeTarget "EmojiArtUITests" */;
			buildPhases = (
				EC2354C826ADF21300F07E57 /* Sources */,
				EC2354C926ADF21300F07E57 /* Frameworks */,
				EC2354CA26ADF21300F07E57 /* Resources */,
			);
			buildRules = (
			);
			dependencies = (
				EC2354CE26ADF21300F07E57 /* PBXTargetDependency */,
			);
			name = EmojiArtUITests;
			productName = EmojiArtUITests;
			productReference = EC2354CC26ADF21300F07E57 /* EmojiArtUITests.xctest */;
			productType = "com.apple.product-type.bundle.ui-testing";
		};
/* End PBXNativeTarget section */

/* Begin PBXProject section */
		EC2354A826ADF21000F07E57 /* Project object */ = {
			isa = PBXProject;
			attributes = {
				LastSwiftUpdateCheck = 1250;
				LastUpgradeCheck = 1250;
				TargetAttributes = {
					EC2354AF26ADF21000F07E57 = {
						CreatedOnToolsVersion = 12.5.1;
					};
					EC2354C026ADF21300F07E57 = {
						CreatedOnToolsVersion = 12.5.1;
						TestTargetID = EC2354AF26ADF21000F07E57;
					};
					EC2354CB26ADF21300F07E57 = {
						CreatedOnToolsVersion = 12.5.1;
						TestTargetID = EC2354AF26ADF21000F07E57;
					};
				};
			};
			buildConfigurationList = EC2354AB26ADF21000F07E57 /* Build configuration list for PBXProject "EmojiArt" */;
			compatibilityVersion = "Xcode 9.3";
			developmentRegion = en;
			hasScannedForEncodings = 0;
			knownRegions = (
				en,
				Base,
			);
			mainGroup = EC2354A726ADF21000F07E57;
			productRefGroup = EC2354B126ADF21000F07E57 /* Products */;
			projectDirPath = "";
			projectRoot = "";
			targets = (
				EC2354AF26ADF21000F07E57 /* EmojiArt */,
				EC2354C026ADF21300F07E57 /* EmojiArtTests */,
				EC2354CB26ADF21300F07E57 /* EmojiArtUITests */,
			);
		};
/* End PBXProject section */

/* Begin PBXResourcesBuildPhase section */
		EC2354AE26ADF21000F07E57 /* Resources */ = {
			isa = PBXResourcesBuildPhase;
			buildActionMask = 2147483647;
			files = (
				EC2354BB26ADF21300F07E57 /* Preview Assets.xcassets in Resources */,
				EC2354B826ADF21300F07E57 /* Assets.xcassets in Resources */,
			);
			runOnlyForDeploymentPostprocessing = 0;
		};
		EC2354BF26ADF21300F07E57 /* Resources */ = {
			isa = PBXResourcesBuildPhase;
			buildActionMask = 2147483647;
			files = (
			);
			runOnlyForDeploymentPostprocessing = 0;
		};
		EC2354CA26ADF21300F07E57 /* Resources */ = {
			isa = PBXResourcesBuildPhase;
			buildActionMask = 2147483647;
			files = (
			);
			runOnlyForDeploymentPostprocessing = 0;
		};
/* End PBXResourcesBuildPhase section */

/* Begin PBXSourcesBuildPhase section */
		EC2354AC26ADF21000F07E57 /* Sources */ = {
			isa = PBXSourcesBuildPhase;
			buildActionMask = 2147483647;
			files = (
				EC2354E726AF257100F07E57 /* UtilityViews.swift in Sources */,
				EC2354B626ADF21000F07E57 /* EmojiArtDocumentView.swift in Sources */,
				EC2354B426ADF21000F07E57 /* EmojiArtApp.swift in Sources */,
				EC2354E326AE033F00F07E57 /* EmojiArtDocument.swift in Sources */,
				EC2354E526AE089700F07E57 /* UtilityExtenstions.swift in Sources */,
				EC2354DF26ADFF3000F07E57 /* EmojiArtModel.swift in Sources */,
				EC2354E126AE017900F07E57 /* EmojiArtModel.Background.swift in Sources */,
			);
			runOnlyForDeploymentPostprocessing = 0;
		};
		EC2354BD26ADF21300F07E57 /* Sources */ = {
			isa = PBXSourcesBuildPhase;
			buildActionMask = 2147483647;
			files = (
				EC2354C626ADF21300F07E57 /* EmojiArtTests.swift in Sources */,
			);
			runOnlyForDeploymentPostprocessing = 0;
		};
		EC2354C826ADF21300F07E57 /* Sources */ = {
			isa = PBXSourcesBuildPhase;
			buildActionMask = 2147483647;
			files = (
				EC2354D126ADF21300F07E57 /* EmojiArtUITests.swift in Sources */,
			);
			runOnlyForDeploymentPostprocessing = 0;
		};
/* End PBXSourcesBuildPhase section */

/* Begin PBXTargetDependency section */
		EC2354C326ADF21300F07E57 /* PBXTargetDependency */ = {
			isa = PBXTargetDependency;
			target = EC2354AF26ADF21000F07E57 /* EmojiArt */;
			targetProxy = EC2354C226ADF21300F07E57 /* PBXContainerItemProxy */;
		};
		EC2354CE26ADF21300F07E57 /* PBXTargetDependency */ = {
			isa = PBXTargetDependency;
			target = EC2354AF26ADF21000F07E57 /* EmojiArt */;
			targetProxy = EC2354CD26ADF21300F07E57 /* PBXContainerItemProxy */;
		};
/* End PBXTargetDependency section */

/* Begin XCBuildConfiguration section */
		EC2354D326ADF21300F07E57 /* Debug */ = {
			isa = XCBuildConfiguration;
			buildSettings = {
				ALWAYS_SEARCH_USER_PATHS = NO;
				CLANG_ANALYZER_NONNULL = YES;
				CLANG_ANALYZER_NUMBER_OBJECT_CONVERSION = YES_AGGRESSIVE;
				CLANG_CXX_LANGUAGE_STANDARD = "gnu++14";
				CLANG_CXX_LIBRARY = "libc++";
				CLANG_ENABLE_MODULES = YES;
				CLANG_ENABLE_OBJC_ARC = YES;
				CLANG_ENABLE_OBJC_WEAK = YES;
				CLANG_WARN_BLOCK_CAPTURE_AUTORELEASING = YES;
				CLANG_WARN_BOOL_CONVERSION = YES;
				CLANG_WARN_COMMA = YES;
				CLANG_WARN_CONSTANT_CONVERSION = YES;
				CLANG_WARN_DEPRECATED_OBJC_IMPLEMENTATIONS = YES;
				CLANG_WARN_DIRECT_OBJC_ISA_USAGE = YES_ERROR;
				CLANG_WARN_DOCUMENTATION_COMMENTS = YES;
				CLANG_WARN_EMPTY_BODY = YES;
				CLANG_WARN_ENUM_CONVERSION = YES;
				CLANG_WARN_INFINITE_RECURSION = YES;
				CLANG_WARN_INT_CONVERSION = YES;
				CLANG_WARN_NON_LITERAL_NULL_CONVERSION = YES;
				CLANG_WARN_OBJC_IMPLICIT_RETAIN_SELF = YES;
				CLANG_WARN_OBJC_LITERAL_CONVERSION = YES;
				CLANG_WARN_OBJC_ROOT_CLASS = YES_ERROR;
				CLANG_WARN_QUOTED_INCLUDE_IN_FRAMEWORK_HEADER = YES;
				CLANG_WARN_RANGE_LOOP_ANALYSIS = YES;
				CLANG_WARN_STRICT_PROTOTYPES = YES;
				CLANG_WARN_SUSPICIOUS_MOVE = YES;
				CLANG_WARN_UNGUARDED_AVAILABILITY = YES_AGGRESSIVE;
				CLANG_WARN_UNREACHABLE_CODE = YES;
				CLANG_WARN__DUPLICATE_METHOD_MATCH = YES;
				COPY_PHASE_STRIP = NO;
				DEBUG_INFORMATION_FORMAT = dwarf;
				ENABLE_STRICT_OBJC_MSGSEND = YES;
				ENABLE_TESTABILITY = YES;
				GCC_C_LANGUAGE_STANDARD = gnu11;
				GCC_DYNAMIC_NO_PIC = NO;
				GCC_NO_COMMON_BLOCKS = YES;
				GCC_OPTIMIZATION_LEVEL = 0;
				GCC_PREPROCESSOR_DEFINITIONS = (
					"DEBUG=1",
					"$(inherited)",
				);
				GCC_WARN_64_TO_32_BIT_CONVERSION = YES;
				GCC_WARN_ABOUT_RETURN_TYPE = YES_ERROR;
				GCC_WARN_UNDECLARED_SELECTOR = YES;
				GCC_WARN_UNINITIALIZED_AUTOS = YES_AGGRESSIVE;
				GCC_WARN_UNUSED_FUNCTION = YES;
				GCC_WARN_UNUSED_VARIABLE = YES;
				IPHONEOS_DEPLOYMENT_TARGET = 14.5;
				MTL_ENABLE_DEBUG_INFO = INCLUDE_SOURCE;
				MTL_FAST_MATH = YES;
				ONLY_ACTIVE_ARCH = YES;
				SDKROOT = iphoneos;
				SWIFT_ACTIVE_COMPILATION_CONDITIONS = DEBUG;
				SWIFT_OPTIMIZATION_LEVEL = "-Onone";
			};
			name = Debug;
		};
		EC2354D426ADF21300F07E57 /* Release */ = {
			isa = XCBuildConfiguration;
			buildSettings = {
				ALWAYS_SEARCH_USER_PATHS = NO;
				CLANG_ANALYZER_NONNULL = YES;
				CLANG_ANALYZER_NUMBER_OBJECT_CONVERSION = YES_AGGRESSIVE;
				CLANG_CXX_LANGUAGE_STANDARD = "gnu++14";
				CLANG_CXX_LIBRARY = "libc++";
				CLANG_ENABLE_MODULES = YES;
				CLANG_ENABLE_OBJC_ARC = YES;
				CLANG_ENABLE_OBJC_WEAK = YES;
				CLANG_WARN_BLOCK_CAPTURE_AUTORELEASING = YES;
				CLANG_WARN_BOOL_CONVERSION = YES;
				CLANG_WARN_COMMA = YES;
				CLANG_WARN_CONSTANT_CONVERSION = YES;
				CLANG_WARN_DEPRECATED_OBJC_IMPLEMENTATIONS = YES;
				CLANG_WARN_DIRECT_OBJC_ISA_USAGE = YES_ERROR;
				CLANG_WARN_DOCUMENTATION_COMMENTS = YES;
				CLANG_WARN_EMPTY_BODY = YES;
				CLANG_WARN_ENUM_CONVERSION = YES;
				CLANG_WARN_INFINITE_RECURSION = YES;
				CLANG_WARN_INT_CONVERSION = YES;
				CLANG_WARN_NON_LITERAL_NULL_CONVERSION = YES;
				CLANG_WARN_OBJC_IMPLICIT_RETAIN_SELF = YES;
				CLANG_WARN_OBJC_LITERAL_CONVERSION = YES;
				CLANG_WARN_OBJC_ROOT_CLASS = YES_ERROR;
				CLANG_WARN_QUOTED_INCLUDE_IN_FRAMEWORK_HEADER = YES;
				CLANG_WARN_RANGE_LOOP_ANALYSIS = YES;
				CLANG_WARN_STRICT_PROTOTYPES = YES;
				CLANG_WARN_SUSPICIOUS_MOVE = YES;
				CLANG_WARN_UNGUARDED_AVAILABILITY = YES_AGGRESSIVE;
				CLANG_WARN_UNREACHABLE_CODE = YES;
				CLANG_WARN__DUPLICATE_METHOD_MATCH = YES;
				COPY_PHASE_STRIP = NO;
				DEBUG_INFORMATION_FORMAT = "dwarf-with-dsym";
				ENABLE_NS_ASSERTIONS = NO;
				ENABLE_STRICT_OBJC_MSGSEND = YES;
				GCC_C_LANGUAGE_STANDARD = gnu11;
				GCC_NO_COMMON_BLOCKS = YES;
				GCC_WARN_64_TO_32_BIT_CONVERSION = YES;
				GCC_WARN_ABOUT_RETURN_TYPE = YES_ERROR;
				GCC_WARN_UNDECLARED_SELECTOR = YES;
				GCC_WARN_UNINITIALIZED_AUTOS = YES_AGGRESSIVE;
				GCC_WARN_UNUSED_FUNCTION = YES;
				GCC_WARN_UNUSED_VARIABLE = YES;
				IPHONEOS_DEPLOYMENT_TARGET = 14.5;
				MTL_ENABLE_DEBUG_INFO = NO;
				MTL_FAST_MATH = YES;
				SDKROOT = iphoneos;
				SWIFT_COMPILATION_MODE = wholemodule;
				SWIFT_OPTIMIZATION_LEVEL = "-O";
				VALIDATE_PRODUCT = YES;
			};
			name = Release;
		};
		EC2354D626ADF21300F07E57 /* Debug */ = {
			isa = XCBuildConfiguration;
			buildSettings = {
				ASSETCATALOG_COMPILER_APPICON_NAME = AppIcon;
				ASSETCATALOG_COMPILER_GLOBAL_ACCENT_COLOR_NAME = AccentColor;
				CODE_SIGN_STYLE = Automatic;
				DEVELOPMENT_ASSET_PATHS = "\"EmojiArt/Preview Content\"";
				DEVELOPMENT_TEAM = R82LPA7ZRT;
				ENABLE_PREVIEWS = YES;
				INFOPLIST_FILE = EmojiArt/Info.plist;
				IPHONEOS_DEPLOYMENT_TARGET = 14.0;
				LD_RUNPATH_SEARCH_PATHS = (
					"$(inherited)",
					"@executable_path/Frameworks",
				);
				PRODUCT_BUNDLE_IDENTIFIER = com.jasonyangjizheng.EmojiArt;
				PRODUCT_NAME = "$(TARGET_NAME)";
				SWIFT_VERSION = 5.0;
				TARGETED_DEVICE_FAMILY = "1,2";
			};
			name = Debug;
		};
		EC2354D726ADF21300F07E57 /* Release */ = {
			isa = XCBuildConfiguration;
			buildSettings = {
				ASSETCATALOG_COMPILER_APPICON_NAME = AppIcon;
				ASSETCATALOG_COMPILER_GLOBAL_ACCENT_COLOR_NAME = AccentColor;
				CODE_SIGN_STYLE = Automatic;
				DEVELOPMENT_ASSET_PATHS = "\"EmojiArt/Preview Content\"";
				DEVELOPMENT_TEAM = R82LPA7ZRT;
				ENABLE_PREVIEWS = YES;
				INFOPLIST_FILE = EmojiArt/Info.plist;
				IPHONEOS_DEPLOYMENT_TARGET = 14.0;
				LD_RUNPATH_SEARCH_PATHS = (
					"$(inherited)",
					"@executable_path/Frameworks",
				);
				PRODUCT_BUNDLE_IDENTIFIER = com.jasonyangjizheng.EmojiArt;
				PRODUCT_NAME = "$(TARGET_NAME)";
				SWIFT_VERSION = 5.0;
				TARGETED_DEVICE_FAMILY = "1,2";
			};
			name = Release;
		};
		EC2354D926ADF21300F07E57 /* Debug */ = {
			isa = XCBuildConfiguration;
			buildSettings = {
				ALWAYS_EMBED_SWIFT_STANDARD_LIBRARIES = YES;
				BUNDLE_LOADER = "$(TEST_HOST)";
				CODE_SIGN_STYLE = Automatic;
				DEVELOPMENT_TEAM = R82LPA7ZRT;
				INFOPLIST_FILE = EmojiArtTests/Info.plist;
				IPHONEOS_DEPLOYMENT_TARGET = 14.0;
				LD_RUNPATH_SEARCH_PATHS = (
					"$(inherited)",
					"@executable_path/Frameworks",
					"@loader_path/Frameworks",
				);
				PRODUCT_BUNDLE_IDENTIFIER = com.jasonyangjizheng.EmojiArtTests;
				PRODUCT_NAME = "$(TARGET_NAME)";
				SWIFT_VERSION = 5.0;
				TARGETED_DEVICE_FAMILY = "1,2";
				TEST_HOST = "$(BUILT_PRODUCTS_DIR)/EmojiArt.app/EmojiArt";
			};
			name = Debug;
		};
		EC2354DA26ADF21300F07E57 /* Release */ = {
			isa = XCBuildConfiguration;
			buildSettings = {
				ALWAYS_EMBED_SWIFT_STANDARD_LIBRARIES = YES;
				BUNDLE_LOADER = "$(TEST_HOST)";
				CODE_SIGN_STYLE = Automatic;
				DEVELOPMENT_TEAM = R82LPA7ZRT;
				INFOPLIST_FILE = EmojiArtTests/Info.plist;
				IPHONEOS_DEPLOYMENT_TARGET = 14.0;
				LD_RUNPATH_SEARCH_PATHS = (
					"$(inherited)",
					"@executable_path/Frameworks",
					"@loader_path/Frameworks",
				);
				PRODUCT_BUNDLE_IDENTIFIER = com.jasonyangjizheng.EmojiArtTests;
				PRODUCT_NAME = "$(TARGET_NAME)";
				SWIFT_VERSION = 5.0;
				TARGETED_DEVICE_FAMILY = "1,2";
				TEST_HOST = "$(BUILT_PRODUCTS_DIR)/EmojiArt.app/EmojiArt";
			};
			name = Release;
		};
		EC2354DC26ADF21300F07E57 /* Debug */ = {
			isa = XCBuildConfiguration;
			buildSettings = {
				ALWAYS_EMBED_SWIFT_STANDARD_LIBRARIES = YES;
				CODE_SIGN_STYLE = Automatic;
				DEVELOPMENT_TEAM = R82LPA7ZRT;
				INFOPLIST_FILE = EmojiArtUITests/Info.plist;
				LD_RUNPATH_SEARCH_PATHS = (
					"$(inherited)",
					"@executable_path/Frameworks",
					"@loader_path/Frameworks",
				);
				PRODUCT_BUNDLE_IDENTIFIER = com.jasonyangjizheng.EmojiArtUITests;
				PRODUCT_NAME = "$(TARGET_NAME)";
				SWIFT_VERSION = 5.0;
				TARGETED_DEVICE_FAMILY = "1,2";
				TEST_TARGET_NAME = EmojiArt;
			};
			name = Debug;
		};
		EC2354DD26ADF21300F07E57 /* Release */ = {
			isa = XCBuildConfiguration;
			buildSettings = {
				ALWAYS_EMBED_SWIFT_STANDARD_LIBRARIES = YES;
				CODE_SIGN_STYLE = Automatic;
				DEVELOPMENT_TEAM = R82LPA7ZRT;
				INFOPLIST_FILE = EmojiArtUITests/Info.plist;
				LD_RUNPATH_SEARCH_PATHS = (
					"$(inherited)",
					"@executable_path/Frameworks",
					"@loader_path/Frameworks",
				);
				PRODUCT_BUNDLE_IDENTIFIER = com.jasonyangjizheng.EmojiArtUITests;
				PRODUCT_NAME = "$(TARGET_NAME)";
				SWIFT_VERSION = 5.0;
				TARGETED_DEVICE_FAMILY = "1,2";
				TEST_TARGET_NAME = EmojiArt;
			};
			name = Release;
		};
/* End XCBuildConfiguration section */

/* Begin XCConfigurationList section */
		EC2354AB26ADF21000F07E57 /* Build configuration list for PBXProject "EmojiArt" */ = {
			isa = XCConfigurationList;
			buildConfigurations = (
				EC2354D326ADF21300F07E57 /* Debug */,
				EC2354D426ADF21300F07E57 /* Release */,
			);
			defaultConfigurationIsVisible = 0;
			defaultConfigurationName = Release;
		};
		EC2354D526ADF21300F07E57 /* Build configuration list for PBXNativeTarget "EmojiArt" */ = {
			isa = XCConfigurationList;
			buildConfigurations = (
				EC2354D626ADF21300F07E57 /* Debug */,
				EC2354D726ADF21300F07E57 /* Release */,
			);
			defaultConfigurationIsVisible = 0;
			defaultConfigurationName = Release;
		};
		EC2354D826ADF21300F07E57 /* Build configuration list for PBXNativeTarget "EmojiArtTests" */ = {
			isa = XCConfigurationList;
			buildConfigurations = (
				EC2354D926ADF21300F07E57 /* Debug */,
				EC2354DA26ADF21300F07E57 /* Release */,
			);
			defaultConfigurationIsVisible = 0;
			defaultConfigurationName = Release;
		};
		EC2354DB26ADF21300F07E57 /* Build configuration list for PBXNativeTarget "EmojiArtUITests" */ = {
			isa = XCConfigurationList;
			buildConfigurations = (
				EC2354DC26ADF21300F07E57 /* Debug */,
				EC2354DD26ADF21300F07E57 /* Release */,
			);
			defaultConfigurationIsVisible = 0;
			defaultConfigurationName = Release;
		};
/* End XCConfigurationList section */
	};
	rootObject = EC2354A826ADF21000F07E57 /* Project object */;
}
